
Microsoft Visual Studio Solution File, Format Version 12.00
# Visual Studio Version 17
VisualStudioVersion = 17.14.37111.16
MinimumVisualStudioVersion = 10.0.40219.1
Project("{FAE04EC0-301F-11D3-BF4B-00C04F79EFBC}") = "PowerWeatherApp.Domain", "PowerWeatherApp.Domain\PowerWeatherApp.Domain.csproj", "{7E937EEC-B7D3-4A13-AFFE-857FE0A304F5}"
EndProject
Project("{FAE04EC0-301F-11D3-BF4B-00C04F79EFBC}") = "PowerWeatherApp.Application", "PowerWeatherApp.Application\PowerWeatherApp.Application.csproj", "{89032CEC-CEFF-4FF1-B898-6DA6520D876A}"
EndProject
Project("{FAE04EC0-301F-11D3-BF4B-00C04F79EFBC}") = "PowerWeatherApp.Api", "PowerWeatherApp.Api\PowerWeatherApp.Api.csproj", "{A9F26523-C2B6-41D9-A6DB-2C088105AA27}"
EndProject
Project("{FAE04EC0-301F-11D3-BF4B-00C04F79EFBC}") = "PowerWeatherApp.Infrastructure", "PowerWeatherApp.Infrastructure\PowerWeatherApp.Infrastructure.csproj", "{A29BDCCC-A5EC-4248-AE50-63DCAB8FC61E}"
EndProject
Project("{FAE04EC0-301F-11D3-BF4B-00C04F79EFBC}") = "WeatherRepositoryTests", "WeatherRepositoryTests\WeatherRepositoryTests.csproj", "{2850E7F0-2E72-497A-B335-3CB35D4B253E}"
EndProject
Project("{FAE04EC0-301F-11D3-BF4B-00C04F79EFBC}") = "PowerWeatherApp.Web", "PowerWeatherApp.Web\PowerWeatherApp.Web.csproj", "{358D41A4-3A27-4A9E-BB30-D47668476912}"
EndProject
Global
	GlobalSection(SolutionConfigurationPlatforms) = preSolution
		Debug|Any CPU = Debug|Any CPU
		Release|Any CPU = Release|Any CPU
	EndGlobalSection
	GlobalSection(ProjectConfigurationPlatforms) = postSolution
		{7E937EEC-B7D3-4A13-AFFE-857FE0A304F5}.Debug|Any CPU.ActiveCfg = Debug|Any CPU
		{7E937EEC-B7D3-4A13-AFFE-857FE0A304F5}.Debug|Any CPU.Build.0 = Debug|Any CPU
		{7E937EEC-B7D3-4A13-AFFE-857FE0A304F5}.Release|Any CPU.ActiveCfg = Release|Any CPU
		{7E937EEC-B7D3-4A13-AFFE-857FE0A304F5}.Release|Any CPU.Build.0 = Release|Any CPU
		{89032CEC-CEFF-4FF1-B898-6DA6520D876A}.Debug|Any CPU.ActiveCfg = Debug|Any CPU
		{89032CEC-CEFF-4FF1-B898-6DA6520D876A}.Debug|Any CPU.Build.0 = Debug|Any CPU
		{89032CEC-CEFF-4FF1-B898-6DA6520D876A}.Release|Any CPU.ActiveCfg = Release|Any CPU
		{89032CEC-CEFF-4FF1-B898-6DA6520D876A}.Release|Any CPU.Build.0 = Release|Any CPU
		{A9F26523-C2B6-41D9-A6DB-2C088105AA27}.Debug|Any CPU.ActiveCfg = Debug|Any CPU
		{A9F26523-C2B6-41D9-A6DB-2C088105AA27}.Debug|Any CPU.Build.0 = Debug|Any CPU
		{A9F26523-C2B6-41D9-A6DB-2C088105AA27}.Release|Any CPU.ActiveCfg = Release|Any CPU
		{A9F26523-C2B6-41D9-A6DB-2C088105AA27}.Release|Any CPU.Build.0 = Release|Any CPU
		{A29BDCCC-A5EC-4248-AE50-63DCAB8FC61E}.Debug|Any CPU.ActiveCfg = Debug|Any CPU
		{A29BDCCC-A5EC-4248-AE50-63DCAB8FC61E}.Debug|Any CPU.Build.0 = Debug|Any CPU
		{A29BDCCC-A5EC-4248-AE50-63DCAB8FC61E}.Release|Any CPU.ActiveCfg = Release|Any CPU
		{A29BDCCC-A5EC-4248-AE50-63DCAB8FC61E}.Release|Any CPU.Build.0 = Release|Any CPU
		{2850E7F0-2E72-497A-B335-3CB35D4B253E}.Debug|Any CPU.ActiveCfg = Debug|Any CPU
		{2850E7F0-2E72-497A-B335-3CB35D4B253E}.Debug|Any CPU.Build.0 = Debug|Any CPU
		{2850E7F0-2E72-497A-B335-3CB35D4B253E}.Release|Any CPU.ActiveCfg = Release|Any CPU
		{2850E7F0-2E72-497A-B335-3CB35D4B253E}.Release|Any CPU.Build.0 = Release|Any CPU
		{358D41A4-3A27-4A9E-BB30-D47668476912}.Debug|Any CPU.ActiveCfg = Debug|Any CPU
		{358D41A4-3A27-4A9E-BB30-D47668476912}.Debug|Any CPU.Build.0 = Debug|Any CPU
		{358D41A4-3A27-4A9E-BB30-D47668476912}.Release|Any CPU.ActiveCfg = Release|Any CPU
		{358D41A4-3A27-4A9E-BB30-D47668476912}.Release|Any CPU.Build.0 = Release|Any CPU
	EndGlobalSection
	GlobalSection(SolutionProperties) = preSolution
		HideSolutionNode = FALSE
	EndGlobalSection
	GlobalSection(ExtensibilityGlobals) = postSolution
		SolutionGuid = {AEDA50E6-D897-407D-8960-A4C64B05AE50}
	EndGlobalSection
EndGlobal
